
Microsoft Visual Studio Solution File, Format Version 12.00
# Visual Studio Version 17
VisualStudioVersion = 17.8.34525.116
MinimumVisualStudioVersion = 10.0.40219.1
Project("{9A19103F-16F7-4668-BE54-9A1E7A4F7556}") = "PriutForAnimalLib", "PriutForAnimal\PriutForAnimalLib.csproj", "{68AFE0CA-ED61-4E14-92AE-4D39EBA9558A}"
EndProject
Project("{9A19103F-16F7-4668-BE54-9A1E7A4F7556}") = "PriutForAnimalDbContext", "PriutForAnimalDbContext\PriutForAnimalDbContext.csproj", "{58B595BD-6A78-411F-BFE9-9FFDDE66F6BB}"
EndProject
Project("{FAE04EC0-301F-11D3-BF4B-00C04F79EFBC}") = "PriutForAnimlApp", "PriutForAnimlApp\PriutForAnimlApp.csproj", "{A2B5CA2D-A024-46F1-B548-9CABEE834251}"
EndProject
Global
	GlobalSection(SolutionConfigurationPlatforms) = preSolution
		Debug|Any CPU = Debug|Any CPU
		Release|Any CPU = Release|Any CPU
	EndGlobalSection
	GlobalSection(ProjectConfigurationPlatforms) = postSolution
		{68AFE0CA-ED61-4E14-92AE-4D39EBA9558A}.Debug|Any CPU.ActiveCfg = Debug|Any CPU
		{68AFE0CA-ED61-4E14-92AE-4D39EBA9558A}.Debug|Any CPU.Build.0 = Debug|Any CPU
		{68AFE0CA-ED61-4E14-92AE-4D39EBA9558A}.Release|Any CPU.ActiveCfg = Release|Any CPU
		{68AFE0CA-ED61-4E14-92AE-4D39EBA9558A}.Release|Any CPU.Build.0 = Release|Any CPU
		{58B595BD-6A78-411F-BFE9-9FFDDE66F6BB}.Debug|Any CPU.ActiveCfg = Debug|Any CPU
		{58B595BD-6A78-411F-BFE9-9FFDDE66F6BB}.Debug|Any CPU.Build.0 = Debug|Any CPU
		{58B595BD-6A78-411F-BFE9-9FFDDE66F6BB}.Release|Any CPU.ActiveCfg = Release|Any CPU
		{58B595BD-6A78-411F-BFE9-9FFDDE66F6BB}.Release|Any CPU.Build.0 = Release|Any CPU
		{A2B5CA2D-A024-46F1-B548-9CABEE834251}.Debug|Any CPU.ActiveCfg = Debug|Any CPU
		{A2B5CA2D-A024-46F1-B548-9CABEE834251}.Debug|Any CPU.Build.0 = Debug|Any CPU
		{A2B5CA2D-A024-46F1-B548-9CABEE834251}.Release|Any CPU.ActiveCfg = Release|Any CPU
		{A2B5CA2D-A024-46F1-B548-9CABEE834251}.Release|Any CPU.Build.0 = Release|Any CPU
	EndGlobalSection
	GlobalSection(SolutionProperties) = preSolution
		HideSolutionNode = FALSE
	EndGlobalSection
	GlobalSection(ExtensibilityGlobals) = postSolution
		SolutionGuid = {BDE4E1D7-3218-47D6-A543-D36183360262}
	EndGlobalSection
EndGlobal
